// !$*UTF8*$!
{
	archiveVersion = 1;
	classes = {
	};
	objectVersion = 56;
	objects = {

/* Begin PBXBuildFile section */
		7F0E56122C41ADDF000F339A /* TrailTales01App.swift in Sources */ = {isa = PBXBuildFile; fileRef = 7F0E56112C41ADDF000F339A /* TrailTales01App.swift */; };
		7F0E56142C41ADDF000F339A /* ContentView.swift in Sources */ = {isa = PBXBuildFile; fileRef = 7F0E56132C41ADDF000F339A /* ContentView.swift */; };
		7F0E56232C41ADE0000F339A /* TrailTales01Tests.swift in Sources */ = {isa = PBXBuildFile; fileRef = 7F0E56222C41ADE0000F339A /* TrailTales01Tests.swift */; };
		7F0E562D2C41ADE0000F339A /* TrailTales01UITests.swift in Sources */ = {isa = PBXBuildFile; fileRef = 7F0E562C2C41ADE0000F339A /* TrailTales01UITests.swift */; };
		7F0E562F2C41ADE0000F339A /* TrailTales01UITestsLaunchTests.swift in Sources */ = {isa = PBXBuildFile; fileRef = 7F0E562E2C41ADE0000F339A /* TrailTales01UITestsLaunchTests.swift */; };
		7F0E56442C41BE71000F339A /* Place.swift in Sources */ = {isa = PBXBuildFile; fileRef = 7F0E56432C41BE71000F339A /* Place.swift */; };
		7F0E56462C41BE93000F339A /* MapView.swift in Sources */ = {isa = PBXBuildFile; fileRef = 7F0E56452C41BE93000F339A /* MapView.swift */; };
		7F0E56482C41BE9F000F339A /* PlaceDetailView.swift in Sources */ = {isa = PBXBuildFile; fileRef = 7F0E56472C41BE9F000F339A /* PlaceDetailView.swift */; };
		7F0E564A2C41BEB4000F339A /* ContentViewModel.swift in Sources */ = {isa = PBXBuildFile; fileRef = 7F0E56492C41BEB4000F339A /* ContentViewModel.swift */; };
		7F0E564C2C41BEBF000F339A /* MapViewModel.swift in Sources */ = {isa = PBXBuildFile; fileRef = 7F0E564B2C41BEBF000F339A /* MapViewModel.swift */; };
		7F0E564E2C41BEC9000F339A /* PlaceDetailViewModel.swift in Sources */ = {isa = PBXBuildFile; fileRef = 7F0E564D2C41BEC9000F339A /* PlaceDetailViewModel.swift */; };
		7F0E56502C41BEDA000F339A /* LocationManager.swift in Sources */ = {isa = PBXBuildFile; fileRef = 7F0E564F2C41BEDA000F339A /* LocationManager.swift */; };
		7F0E56522C41BEE3000F339A /* TextToSpeechManager.swift in Sources */ = {isa = PBXBuildFile; fileRef = 7F0E56512C41BEE3000F339A /* TextToSpeechManager.swift */; };
		7F0E56542C41BEED000F339A /* DataService.swift in Sources */ = {isa = PBXBuildFile; fileRef = 7F0E56532C41BEED000F339A /* DataService.swift */; };
/* End PBXBuildFile section */

/* Begin PBXContainerItemProxy section */
		7F0E561F2C41ADE0000F339A /* PBXContainerItemProxy */ = {
			isa = PBXContainerItemProxy;
			containerPortal = 7F0E56062C41ADDF000F339A /* Project object */;
			proxyType = 1;
			remoteGlobalIDString = 7F0E560D2C41ADDF000F339A;
			remoteInfo = TrailTales01;
		};
		7F0E56292C41ADE0000F339A /* PBXContainerItemProxy */ = {
			isa = PBXContainerItemProxy;
			containerPortal = 7F0E56062C41ADDF000F339A /* Project object */;
			proxyType = 1;
			remoteGlobalIDString = 7F0E560D2C41ADDF000F339A;
			remoteInfo = TrailTales01;
		};
/* End PBXContainerItemProxy section */

/* Begin PBXFileReference section */
		7F0E560E2C41ADDF000F339A /* TrailTales01.app */ = {isa = PBXFileReference; explicitFileType = wrapper.application; includeInIndex = 0; path = TrailTales01.app; sourceTree = BUILT_PRODUCTS_DIR; };
		7F0E56112C41ADDF000F339A /* TrailTales01App.swift */ = {isa = PBXFileReference; lastKnownFileType = sourcecode.swift; path = TrailTales01App.swift; sourceTree = "<group>"; };
		7F0E56132C41ADDF000F339A /* ContentView.swift */ = {isa = PBXFileReference; lastKnownFileType = sourcecode.swift; path = ContentView.swift; sourceTree = "<group>"; };
		7F0E561E2C41ADE0000F339A /* TrailTales01Tests.xctest */ = {isa = PBXFileReference; explicitFileType = wrapper.cfbundle; includeInIndex = 0; path = TrailTales01Tests.xctest; sourceTree = BUILT_PRODUCTS_DIR; };
		7F0E56222C41ADE0000F339A /* TrailTales01Tests.swift */ = {isa = PBXFileReference; lastKnownFileType = sourcecode.swift; path = TrailTales01Tests.swift; sourceTree = "<group>"; };
		7F0E56282C41ADE0000F339A /* TrailTales01UITests.xctest */ = {isa = PBXFileReference; explicitFileType = wrapper.cfbundle; includeInIndex = 0; path = TrailTales01UITests.xctest; sourceTree = BUILT_PRODUCTS_DIR; };
		7F0E562C2C41ADE0000F339A /* TrailTales01UITests.swift */ = {isa = PBXFileReference; lastKnownFileType = sourcecode.swift; path = TrailTales01UITests.swift; sourceTree = "<group>"; };
		7F0E562E2C41ADE0000F339A /* TrailTales01UITestsLaunchTests.swift */ = {isa = PBXFileReference; lastKnownFileType = sourcecode.swift; path = TrailTales01UITestsLaunchTests.swift; sourceTree = "<group>"; };
		7F0E56432C41BE71000F339A /* Place.swift */ = {isa = PBXFileReference; lastKnownFileType = sourcecode.swift; path = Place.swift; sourceTree = "<group>"; };
		7F0E56452C41BE93000F339A /* MapView.swift */ = {isa = PBXFileReference; lastKnownFileType = sourcecode.swift; path = MapView.swift; sourceTree = "<group>"; };
		7F0E56472C41BE9F000F339A /* PlaceDetailView.swift */ = {isa = PBXFileReference; lastKnownFileType = sourcecode.swift; path = PlaceDetailView.swift; sourceTree = "<group>"; };
		7F0E56492C41BEB4000F339A /* ContentViewModel.swift */ = {isa = PBXFileReference; lastKnownFileType = sourcecode.swift; path = ContentViewModel.swift; sourceTree = "<group>"; };
		7F0E564B2C41BEBF000F339A /* MapViewModel.swift */ = {isa = PBXFileReference; lastKnownFileType = sourcecode.swift; path = MapViewModel.swift; sourceTree = "<group>"; };
		7F0E564D2C41BEC9000F339A /* PlaceDetailViewModel.swift */ = {isa = PBXFileReference; lastKnownFileType = sourcecode.swift; path = PlaceDetailViewModel.swift; sourceTree = "<group>"; };
		7F0E564F2C41BEDA000F339A /* LocationManager.swift */ = {isa = PBXFileReference; lastKnownFileType = sourcecode.swift; path = LocationManager.swift; sourceTree = "<group>"; };
		7F0E56512C41BEE3000F339A /* TextToSpeechManager.swift */ = {isa = PBXFileReference; lastKnownFileType = sourcecode.swift; path = TextToSpeechManager.swift; sourceTree = "<group>"; };
		7F0E56532C41BEED000F339A /* DataService.swift */ = {isa = PBXFileReference; lastKnownFileType = sourcecode.swift; path = DataService.swift; sourceTree = "<group>"; };
		7F0E56552C41BEFF000F339A /* places.json */ = {isa = PBXFileReference; lastKnownFileType = text.json; path = places.json; sourceTree = "<group>"; };
/* End PBXFileReference section */

/* Begin PBXFrameworksBuildPhase section */
		7F0E560B2C41ADDF000F339A /* Frameworks */ = {
			isa = PBXFrameworksBuildPhase;
			buildActionMask = 2147483647;
			files = (
			);
			runOnlyForDeploymentPostprocessing = 0;
		};
		7F0E561B2C41ADE0000F339A /* Frameworks */ = {
			isa = PBXFrameworksBuildPhase;
			buildActionMask = 2147483647;
			files = (
			);
			runOnlyForDeploymentPostprocessing = 0;
		};
		7F0E56252C41ADE0000F339A /* Frameworks */ = {
			isa = PBXFrameworksBuildPhase;
			buildActionMask = 2147483647;
			files = (
			);
			runOnlyForDeploymentPostprocessing = 0;
		};
/* End PBXFrameworksBuildPhase section */

/* Begin PBXGroup section */
		7F0E56052C41ADDF000F339A = {
			isa = PBXGroup;
			children = (
				7F0E56562C41C02F000F339A /* TrailTales01 */,
				7F0E56212C41ADE0000F339A /* TrailTales01Tests */,
				7F0E562B2C41ADE0000F339A /* TrailTales01UITests */,
				7F0E560F2C41ADDF000F339A /* Products */,
			);
			sourceTree = "<group>";
		};
		7F0E560F2C41ADDF000F339A /* Products */ = {
			isa = PBXGroup;
			children = (
				7F0E560E2C41ADDF000F339A /* TrailTales01.app */,
				7F0E561E2C41ADE0000F339A /* TrailTales01Tests.xctest */,
				7F0E56282C41ADE0000F339A /* TrailTales01UITests.xctest */,
			);
			name = Products;
			sourceTree = "<group>";
		};
		7F0E56212C41ADE0000F339A /* TrailTales01Tests */ = {
			isa = PBXGroup;
			children = (
				7F0E56222C41ADE0000F339A /* TrailTales01Tests.swift */,
			);
			path = TrailTales01Tests;
			sourceTree = "<group>";
		};
		7F0E562B2C41ADE0000F339A /* TrailTales01UITests */ = {
			isa = PBXGroup;
			children = (
				7F0E562C2C41ADE0000F339A /* TrailTales01UITests.swift */,
				7F0E562E2C41ADE0000F339A /* TrailTales01UITestsLaunchTests.swift */,
			);
			path = TrailTales01UITests;
			sourceTree = "<group>";
		};
		7F0E563E2C41BE40000F339A /* Views */ = {
			isa = PBXGroup;
			children = (
				7F0E56452C41BE93000F339A /* MapView.swift */,
				7F0E56472C41BE9F000F339A /* PlaceDetailView.swift */,
			);
			path = Views;
			sourceTree = "<group>";
		};
		7F0E563F2C41BE46000F339A /* ViewModels */ = {
			isa = PBXGroup;
			children = (
				7F0E56492C41BEB4000F339A /* ContentViewModel.swift */,
				7F0E564B2C41BEBF000F339A /* MapViewModel.swift */,
				7F0E564D2C41BEC9000F339A /* PlaceDetailViewModel.swift */,
			);
			path = ViewModels;
			sourceTree = "<group>";
		};
		7F0E56402C41BE4B000F339A /* Services */ = {
			isa = PBXGroup;
			children = (
				7F0E564F2C41BEDA000F339A /* LocationManager.swift */,
				7F0E56512C41BEE3000F339A /* TextToSpeechManager.swift */,
				7F0E56532C41BEED000F339A /* DataService.swift */,
			);
			path = Services;
			sourceTree = "<group>";
		};
		7F0E56412C41BE50000F339A /* Resources */ = {
			isa = PBXGroup;
			children = (
				7F0E56552C41BEFF000F339A /* places.json */,
			);
			path = Resources;
			sourceTree = "<group>";
		};
		7F0E56422C41BE5D000F339A /* Models */ = {
			isa = PBXGroup;
			children = (
				7F0E56432C41BE71000F339A /* Place.swift */,
			);
			path = Models;
			sourceTree = "<group>";
		};
		7F0E56562C41C02F000F339A /* TrailTales01 */ = {
			isa = PBXGroup;
			children = (
				7F0E56112C41ADDF000F339A /* TrailTales01App.swift */,
				7F0E56132C41ADDF000F339A /* ContentView.swift */,
				7F0E56422C41BE5D000F339A /* Models */,
				7F0E563E2C41BE40000F339A /* Views */,
				7F0E563F2C41BE46000F339A /* ViewModels */,
				7F0E56402C41BE4B000F339A /* Services */,
				7F0E56412C41BE50000F339A /* Resources */,
			);
			path = TrailTales01;
			sourceTree = "<group>";
		};
/* End PBXGroup section */

/* Begin PBXNativeTarget section */
		7F0E560D2C41ADDF000F339A /* TrailTales01 */ = {
			isa = PBXNativeTarget;
			buildConfigurationList = 7F0E56322C41ADE0000F339A /* Build configuration list for PBXNativeTarget "TrailTales01" */;
			buildPhases = (
				7F0E560A2C41ADDF000F339A /* Sources */,
				7F0E560B2C41ADDF000F339A /* Frameworks */,
				7F0E560C2C41ADDF000F339A /* Resources */,
			);
			buildRules = (
			);
			dependencies = (
			);
			name = TrailTales01;
			productName = TrailTales01;
			productReference = 7F0E560E2C41ADDF000F339A /* TrailTales01.app */;
			productType = "com.apple.product-type.application";
		};
		7F0E561D2C41ADE0000F339A /* TrailTales01Tests */ = {
			isa = PBXNativeTarget;
			buildConfigurationList = 7F0E56352C41ADE0000F339A /* Build configuration list for PBXNativeTarget "TrailTales01Tests" */;
			buildPhases = (
				7F0E561A2C41ADE0000F339A /* Sources */,
				7F0E561B2C41ADE0000F339A /* Frameworks */,
				7F0E561C2C41ADE0000F339A /* Resources */,
			);
			buildRules = (
			);
			dependencies = (
				7F0E56202C41ADE0000F339A /* PBXTargetDependency */,
			);
			name = TrailTales01Tests;
			productName = TrailTales01Tests;
			productReference = 7F0E561E2C41ADE0000F339A /* TrailTales01Tests.xctest */;
			productType = "com.apple.product-type.bundle.unit-test";
		};
		7F0E56272C41ADE0000F339A /* TrailTales01UITests */ = {
			isa = PBXNativeTarget;
			buildConfigurationList = 7F0E56382C41ADE0000F339A /* Build configuration list for PBXNativeTarget "TrailTales01UITests" */;
			buildPhases = (
				7F0E56242C41ADE0000F339A /* Sources */,
				7F0E56252C41ADE0000F339A /* Frameworks */,
				7F0E56262C41ADE0000F339A /* Resources */,
			);
			buildRules = (
			);
			dependencies = (
				7F0E562A2C41ADE0000F339A /* PBXTargetDependency */,
			);
			name = TrailTales01UITests;
			productName = TrailTales01UITests;
			productReference = 7F0E56282C41ADE0000F339A /* TrailTales01UITests.xctest */;
			productType = "com.apple.product-type.bundle.ui-testing";
		};
/* End PBXNativeTarget section */

/* Begin PBXProject section */
		7F0E56062C41ADDF000F339A /* Project object */ = {
			isa = PBXProject;
			attributes = {
				BuildIndependentTargetsInParallel = 1;
				LastSwiftUpdateCheck = 1540;
				LastUpgradeCheck = 1540;
				TargetAttributes = {
					7F0E560D2C41ADDF000F339A = {
						CreatedOnToolsVersion = 15.4;
					};
					7F0E561D2C41ADE0000F339A = {
						CreatedOnToolsVersion = 15.4;
						TestTargetID = 7F0E560D2C41ADDF000F339A;
					};
					7F0E56272C41ADE0000F339A = {
						CreatedOnToolsVersion = 15.4;
						TestTargetID = 7F0E560D2C41ADDF000F339A;
					};
				};
			};
			buildConfigurationList = 7F0E56092C41ADDF000F339A /* Build configuration list for PBXProject "TrailTales01" */;
			compatibilityVersion = "Xcode 14.0";
			developmentRegion = en;
			hasScannedForEncodings = 0;
			knownRegions = (
				en,
				Base,
			);
			mainGroup = 7F0E56052C41ADDF000F339A;
			productRefGroup = 7F0E560F2C41ADDF000F339A /* Products */;
			projectDirPath = "";
			projectRoot = "";
			targets = (
				7F0E560D2C41ADDF000F339A /* TrailTales01 */,
				7F0E561D2C41ADE0000F339A /* TrailTales01Tests */,
				7F0E56272C41ADE0000F339A /* TrailTales01UITests */,
			);
		};
/* End PBXProject section */

/* Begin PBXResourcesBuildPhase section */
		7F0E560C2C41ADDF000F339A /* Resources */ = {
			isa = PBXResourcesBuildPhase;
			buildActionMask = 2147483647;
			files = (
			);
			runOnlyForDeploymentPostprocessing = 0;
		};
		7F0E561C2C41ADE0000F339A /* Resources */ = {
			isa = PBXResourcesBuildPhase;
			buildActionMask = 2147483647;
			files = (
			);
			runOnlyForDeploymentPostprocessing = 0;
		};
		7F0E56262C41ADE0000F339A /* Resources */ = {
			isa = PBXResourcesBuildPhase;
			buildActionMask = 2147483647;
			files = (
			);
			runOnlyForDeploymentPostprocessing = 0;
		};
/* End PBXResourcesBuildPhase section */

/* Begin PBXSourcesBuildPhase section */
		7F0E560A2C41ADDF000F339A /* Sources */ = {
			isa = PBXSourcesBuildPhase;
			buildActionMask = 2147483647;
			files = (
				7F0E56482C41BE9F000F339A /* PlaceDetailView.swift in Sources */,
				7F0E564E2C41BEC9000F339A /* PlaceDetailViewModel.swift in Sources */,
				7F0E56442C41BE71000F339A /* Place.swift in Sources */,
				7F0E564A2C41BEB4000F339A /* ContentViewModel.swift in Sources */,
				7F0E56462C41BE93000F339A /* MapView.swift in Sources */,
				7F0E56542C41BEED000F339A /* DataService.swift in Sources */,
				7F0E564C2C41BEBF000F339A /* MapViewModel.swift in Sources */,
				7F0E56142C41ADDF000F339A /* ContentView.swift in Sources */,
				7F0E56122C41ADDF000F339A /* TrailTales01App.swift in Sources */,
				7F0E56502C41BEDA000F339A /* LocationManager.swift in Sources */,
				7F0E56522C41BEE3000F339A /* TextToSpeechManager.swift in Sources */,
			);
			runOnlyForDeploymentPostprocessing = 0;
		};
		7F0E561A2C41ADE0000F339A /* Sources */ = {
			isa = PBXSourcesBuildPhase;
			buildActionMask = 2147483647;
			files = (
				7F0E56232C41ADE0000F339A /* TrailTales01Tests.swift in Sources */,
			);
			runOnlyForDeploymentPostprocessing = 0;
		};
		7F0E56242C41ADE0000F339A /* Sources */ = {
			isa = PBXSourcesBuildPhase;
			buildActionMask = 2147483647;
			files = (
				7F0E562F2C41ADE0000F339A /* TrailTales01UITestsLaunchTests.swift in Sources */,
				7F0E562D2C41ADE0000F339A /* TrailTales01UITests.swift in Sources */,
			);
			runOnlyForDeploymentPostprocessing = 0;
		};
/* End PBXSourcesBuildPhase section */

/* Begin PBXTargetDependency section */
		7F0E56202C41ADE0000F339A /* PBXTargetDependency */ = {
			isa = PBXTargetDependency;
			target = 7F0E560D2C41ADDF000F339A /* TrailTales01 */;
			targetProxy = 7F0E561F2C41ADE0000F339A /* PBXContainerItemProxy */;
		};
		7F0E562A2C41ADE0000F339A /* PBXTargetDependency */ = {
			isa = PBXTargetDependency;
			target = 7F0E560D2C41ADDF000F339A /* TrailTales01 */;
			targetProxy = 7F0E56292C41ADE0000F339A /* PBXContainerItemProxy */;
		};
/* End PBXTargetDependency section */

/* Begin XCBuildConfiguration section */
		7F0E56302C41ADE0000F339A /* Debug */ = {
			isa = XCBuildConfiguration;
			buildSettings = {
				ALWAYS_SEARCH_USER_PATHS = NO;
				ASSETCATALOG_COMPILER_GENERATE_SWIFT_ASSET_SYMBOL_EXTENSIONS = YES;
				CLANG_ANALYZER_NONNULL = YES;
				CLANG_ANALYZER_NUMBER_OBJECT_CONVERSION = YES_AGGRESSIVE;
				CLANG_CXX_LANGUAGE_STANDARD = "gnu++20";
				CLANG_ENABLE_MODULES = YES;
				CLANG_ENABLE_OBJC_ARC = YES;
				CLANG_ENABLE_OBJC_WEAK = YES;
				CLANG_WARN_BLOCK_CAPTURE_AUTORELEASING = YES;
				CLANG_WARN_BOOL_CONVERSION = YES;
				CLANG_WARN_COMMA = YES;
				CLANG_WARN_CONSTANT_CONVERSION = YES;
				CLANG_WARN_DEPRECATED_OBJC_IMPLEMENTATIONS = YES;
				CLANG_WARN_DIRECT_OBJC_ISA_USAGE = YES_ERROR;
				CLANG_WARN_DOCUMENTATION_COMMENTS = YES;
				CLANG_WARN_EMPTY_BODY = YES;
				CLANG_WARN_ENUM_CONVERSION = YES;
				CLANG_WARN_INFINITE_RECURSION = YES;
				CLANG_WARN_INT_CONVERSION = YES;
				CLANG_WARN_NON_LITERAL_NULL_CONVERSION = YES;
				CLANG_WARN_OBJC_IMPLICIT_RETAIN_SELF = YES;
				CLANG_WARN_OBJC_LITERAL_CONVERSION = YES;
				CLANG_WARN_OBJC_ROOT_CLASS = YES_ERROR;
				CLANG_WARN_QUOTED_INCLUDE_IN_FRAMEWORK_HEADER = YES;
				CLANG_WARN_RANGE_LOOP_ANALYSIS = YES;
				CLANG_WARN_STRICT_PROTOTYPES = YES;
				CLANG_WARN_SUSPICIOUS_MOVE = YES;
				CLANG_WARN_UNGUARDED_AVAILABILITY = YES_AGGRESSIVE;
				CLANG_WARN_UNREACHABLE_CODE = YES;
				CLANG_WARN__DUPLICATE_METHOD_MATCH = YES;
				COPY_PHASE_STRIP = NO;
				DEBUG_INFORMATION_FORMAT = dwarf;
				ENABLE_STRICT_OBJC_MSGSEND = YES;
				ENABLE_TESTABILITY = YES;
				ENABLE_USER_SCRIPT_SANDBOXING = YES;
				GCC_C_LANGUAGE_STANDARD = gnu17;
				GCC_DYNAMIC_NO_PIC = NO;
				GCC_NO_COMMON_BLOCKS = YES;
				GCC_OPTIMIZATION_LEVEL = 0;
				GCC_PREPROCESSOR_DEFINITIONS = (
					"DEBUG=1",
					"$(inherited)",
				);
				GCC_WARN_64_TO_32_BIT_CONVERSION = YES;
				GCC_WARN_ABOUT_RETURN_TYPE = YES_ERROR;
				GCC_WARN_UNDECLARED_SELECTOR = YES;
				GCC_WARN_UNINITIALIZED_AUTOS = YES_AGGRESSIVE;
				GCC_WARN_UNUSED_FUNCTION = YES;
				GCC_WARN_UNUSED_VARIABLE = YES;
				IPHONEOS_DEPLOYMENT_TARGET = 17.5;
				LOCALIZATION_PREFERS_STRING_CATALOGS = YES;
				MTL_ENABLE_DEBUG_INFO = INCLUDE_SOURCE;
				MTL_FAST_MATH = YES;
				ONLY_ACTIVE_ARCH = YES;
				SDKROOT = iphoneos;
				SWIFT_ACTIVE_COMPILATION_CONDITIONS = "DEBUG $(inherited)";
				SWIFT_OPTIMIZATION_LEVEL = "-Onone";
			};
			name = Debug;
		};
		7F0E56312C41ADE0000F339A /* Release */ = {
			isa = XCBuildConfiguration;
			buildSettings = {
				ALWAYS_SEARCH_USER_PATHS = NO;
				ASSETCATALOG_COMPILER_GENERATE_SWIFT_ASSET_SYMBOL_EXTENSIONS = YES;
				CLANG_ANALYZER_NONNULL = YES;
				CLANG_ANALYZER_NUMBER_OBJECT_CONVERSION = YES_AGGRESSIVE;
				CLANG_CXX_LANGUAGE_STANDARD = "gnu++20";
				CLANG_ENABLE_MODULES = YES;
				CLANG_ENABLE_OBJC_ARC = YES;
				CLANG_ENABLE_OBJC_WEAK = YES;
				CLANG_WARN_BLOCK_CAPTURE_AUTORELEASING = YES;
				CLANG_WARN_BOOL_CONVERSION = YES;
				CLANG_WARN_COMMA = YES;
				CLANG_WARN_CONSTANT_CONVERSION = YES;
				CLANG_WARN_DEPRECATED_OBJC_IMPLEMENTATIONS = YES;
				CLANG_WARN_DIRECT_OBJC_ISA_USAGE = YES_ERROR;
				CLANG_WARN_DOCUMENTATION_COMMENTS = YES;
				CLANG_WARN_EMPTY_BODY = YES;
				CLANG_WARN_ENUM_CONVERSION = YES;
				CLANG_WARN_INFINITE_RECURSION = YES;
				CLANG_WARN_INT_CONVERSION = YES;
				CLANG_WARN_NON_LITERAL_NULL_CONVERSION = YES;
				CLANG_WARN_OBJC_IMPLICIT_RETAIN_SELF = YES;
				CLANG_WARN_OBJC_LITERAL_CONVERSION = YES;
				CLANG_WARN_OBJC_ROOT_CLASS = YES_ERROR;
				CLANG_WARN_QUOTED_INCLUDE_IN_FRAMEWORK_HEADER = YES;
				CLANG_WARN_RANGE_LOOP_ANALYSIS = YES;
				CLANG_WARN_STRICT_PROTOTYPES = YES;
				CLANG_WARN_SUSPICIOUS_MOVE = YES;
				CLANG_WARN_UNGUARDED_AVAILABILITY = YES_AGGRESSIVE;
				CLANG_WARN_UNREACHABLE_CODE = YES;
				CLANG_WARN__DUPLICATE_METHOD_MATCH = YES;
				COPY_PHASE_STRIP = NO;
				DEBUG_INFORMATION_FORMAT = "dwarf-with-dsym";
				ENABLE_NS_ASSERTIONS = NO;
				ENABLE_STRICT_OBJC_MSGSEND = YES;
				ENABLE_USER_SCRIPT_SANDBOXING = YES;
				GCC_C_LANGUAGE_STANDARD = gnu17;
				GCC_NO_COMMON_BLOCKS = YES;
				GCC_WARN_64_TO_32_BIT_CONVERSION = YES;
				GCC_WARN_ABOUT_RETURN_TYPE = YES_ERROR;
				GCC_WARN_UNDECLARED_SELECTOR = YES;
				GCC_WARN_UNINITIALIZED_AUTOS = YES_AGGRESSIVE;
				GCC_WARN_UNUSED_FUNCTION = YES;
				GCC_WARN_UNUSED_VARIABLE = YES;
				IPHONEOS_DEPLOYMENT_TARGET = 17.5;
				LOCALIZATION_PREFERS_STRING_CATALOGS = YES;
				MTL_ENABLE_DEBUG_INFO = NO;
				MTL_FAST_MATH = YES;
				SDKROOT = iphoneos;
				SWIFT_COMPILATION_MODE = wholemodule;
				VALIDATE_PRODUCT = YES;
			};
			name = Release;
		};
		7F0E56332C41ADE0000F339A /* Debug */ = {
			isa = XCBuildConfiguration;
			buildSettings = {
				ASSETCATALOG_COMPILER_APPICON_NAME = AppIcon;
				ASSETCATALOG_COMPILER_GLOBAL_ACCENT_COLOR_NAME = AccentColor;
				CODE_SIGN_STYLE = Automatic;
				CURRENT_PROJECT_VERSION = 1;
				DEVELOPMENT_ASSET_PATHS = "\"TrailTales01\"";
				DEVELOPMENT_TEAM = W6R6M274ND;
				ENABLE_PREVIEWS = YES;
				GENERATE_INFOPLIST_FILE = YES;
				INFOPLIST_KEY_NSLocationAlwaysUsageDescription = "We require your location for the App.";
				INFOPLIST_KEY_NSLocationWhenInUseUsageDescription = "We require your location for the App.";
				INFOPLIST_KEY_UIApplicationSceneManifest_Generation = YES;
				INFOPLIST_KEY_UIApplicationSupportsIndirectInputEvents = YES;
				INFOPLIST_KEY_UILaunchScreen_Generation = YES;
				INFOPLIST_KEY_UISupportedInterfaceOrientations_iPad = "UIInterfaceOrientationPortrait UIInterfaceOrientationPortraitUpsideDown UIInterfaceOrientationLandscapeLeft UIInterfaceOrientationLandscapeRight";
				INFOPLIST_KEY_UISupportedInterfaceOrientations_iPhone = "UIInterfaceOrientationPortrait UIInterfaceOrientationLandscapeLeft UIInterfaceOrientationLandscapeRight";
				LD_RUNPATH_SEARCH_PATHS = (
					"$(inherited)",
					"@executable_path/Frameworks",
				);
				MARKETING_VERSION = 1.0;
				PRODUCT_BUNDLE_IDENTIFIER = com.tbd.TrailTales01;
				PRODUCT_NAME = "$(TARGET_NAME)";
				SWIFT_EMIT_LOC_STRINGS = YES;
				SWIFT_VERSION = 5.0;
				TARGETED_DEVICE_FAMILY = "1,2";
			};
			name = Debug;
		};
		7F0E56342C41ADE0000F339A /* Release */ = {
			isa = XCBuildConfiguration;
			buildSettings = {
				ASSETCATALOG_COMPILER_APPICON_NAME = AppIcon;
				ASSETCATALOG_COMPILER_GLOBAL_ACCENT_COLOR_NAME = AccentColor;
				CODE_SIGN_STYLE = Automatic;
				CURRENT_PROJECT_VERSION = 1;
				DEVELOPMENT_ASSET_PATHS = "\"TrailTales01\"";
				DEVELOPMENT_TEAM = W6R6M274ND;
				ENABLE_PREVIEWS = YES;
				GENERATE_INFOPLIST_FILE = YES;
				INFOPLIST_KEY_NSLocationAlwaysUsageDescription = "We require your location for the App.";
				INFOPLIST_KEY_NSLocationWhenInUseUsageDescription = "We require your location for the App.";
				INFOPLIST_KEY_UIApplicationSceneManifest_Generation = YES;
				INFOPLIST_KEY_UIApplicationSupportsIndirectInputEvents = YES;
				INFOPLIST_KEY_UILaunchScreen_Generation = YES;
				INFOPLIST_KEY_UISupportedInterfaceOrientations_iPad = "UIInterfaceOrientationPortrait UIInterfaceOrientationPortraitUpsideDown UIInterfaceOrientationLandscapeLeft UIInterfaceOrientationLandscapeRight";
				INFOPLIST_KEY_UISupportedInterfaceOrientations_iPhone = "UIInterfaceOrientationPortrait UIInterfaceOrientationLandscapeLeft UIInterfaceOrientationLandscapeRight";
				LD_RUNPATH_SEARCH_PATHS = (
					"$(inherited)",
					"@executable_path/Frameworks",
				);
				MARKETING_VERSION = 1.0;
				PRODUCT_BUNDLE_IDENTIFIER = com.tbd.TrailTales01;
				PRODUCT_NAME = "$(TARGET_NAME)";
				SWIFT_EMIT_LOC_STRINGS = YES;
				SWIFT_VERSION = 5.0;
				TARGETED_DEVICE_FAMILY = "1,2";
			};
			name = Release;
		};
		7F0E56362C41ADE0000F339A /* Debug */ = {
			isa = XCBuildConfiguration;
			buildSettings = {
				ALWAYS_EMBED_SWIFT_STANDARD_LIBRARIES = YES;
				BUNDLE_LOADER = "$(TEST_HOST)";
				CODE_SIGN_STYLE = Automatic;
				CURRENT_PROJECT_VERSION = 1;
				DEVELOPMENT_TEAM = W6R6M274ND;
				GENERATE_INFOPLIST_FILE = YES;
				IPHONEOS_DEPLOYMENT_TARGET = 17.5;
				MARKETING_VERSION = 1.0;
				PRODUCT_BUNDLE_IDENTIFIER = com.tbd.TrailTales01Tests;
				PRODUCT_NAME = "$(TARGET_NAME)";
				SWIFT_EMIT_LOC_STRINGS = NO;
				SWIFT_VERSION = 5.0;
				TARGETED_DEVICE_FAMILY = "1,2";
				TEST_HOST = "$(BUILT_PRODUCTS_DIR)/TrailTales01.app/$(BUNDLE_EXECUTABLE_FOLDER_PATH)/TrailTales01";
			};
			name = Debug;
		};
		7F0E56372C41ADE0000F339A /* Release */ = {
			isa = XCBuildConfiguration;
			buildSettings = {
				ALWAYS_EMBED_SWIFT_STANDARD_LIBRARIES = YES;
				BUNDLE_LOADER = "$(TEST_HOST)";
				CODE_SIGN_STYLE = Automatic;
				CURRENT_PROJECT_VERSION = 1;
				DEVELOPMENT_TEAM = W6R6M274ND;
				GENERATE_INFOPLIST_FILE = YES;
				IPHONEOS_DEPLOYMENT_TARGET = 17.5;
				MARKETING_VERSION = 1.0;
				PRODUCT_BUNDLE_IDENTIFIER = com.tbd.TrailTales01Tests;
				PRODUCT_NAME = "$(TARGET_NAME)";
				SWIFT_EMIT_LOC_STRINGS = NO;
				SWIFT_VERSION = 5.0;
				TARGETED_DEVICE_FAMILY = "1,2";
				TEST_HOST = "$(BUILT_PRODUCTS_DIR)/TrailTales01.app/$(BUNDLE_EXECUTABLE_FOLDER_PATH)/TrailTales01";
			};
			name = Release;
		};
		7F0E56392C41ADE0000F339A /* Debug */ = {
			isa = XCBuildConfiguration;
			buildSettings = {
				ALWAYS_EMBED_SWIFT_STANDARD_LIBRARIES = YES;
				CODE_SIGN_STYLE = Automatic;
				CURRENT_PROJECT_VERSION = 1;
				DEVELOPMENT_TEAM = W6R6M274ND;
				GENERATE_INFOPLIST_FILE = YES;
				MARKETING_VERSION = 1.0;
				PRODUCT_BUNDLE_IDENTIFIER = com.tbd.TrailTales01UITests;
				PRODUCT_NAME = "$(TARGET_NAME)";
				SWIFT_EMIT_LOC_STRINGS = NO;
				SWIFT_VERSION = 5.0;
				TARGETED_DEVICE_FAMILY = "1,2";
				TEST_TARGET_NAME = TrailTales01;
			};
			name = Debug;
		};
		7F0E563A2C41ADE0000F339A /* Release */ = {
			isa = XCBuildConfiguration;
			buildSettings = {
				ALWAYS_EMBED_SWIFT_STANDARD_LIBRARIES = YES;
				CODE_SIGN_STYLE = Automatic;
				CURRENT_PROJECT_VERSION = 1;
				DEVELOPMENT_TEAM = W6R6M274ND;
				GENERATE_INFOPLIST_FILE = YES;
				MARKETING_VERSION = 1.0;
				PRODUCT_BUNDLE_IDENTIFIER = com.tbd.TrailTales01UITests;
				PRODUCT_NAME = "$(TARGET_NAME)";
				SWIFT_EMIT_LOC_STRINGS = NO;
				SWIFT_VERSION = 5.0;
				TARGETED_DEVICE_FAMILY = "1,2";
				TEST_TARGET_NAME = TrailTales01;
			};
			name = Release;
		};
/* End XCBuildConfiguration section */

/* Begin XCConfigurationList section */
		7F0E56092C41ADDF000F339A /* Build configuration list for PBXProject "TrailTales01" */ = {
			isa = XCConfigurationList;
			buildConfigurations = (
				7F0E56302C41ADE0000F339A /* Debug */,
				7F0E56312C41ADE0000F339A /* Release */,
			);
			defaultConfigurationIsVisible = 0;
			defaultConfigurationName = Release;
		};
		7F0E56322C41ADE0000F339A /* Build configuration list for PBXNativeTarget "TrailTales01" */ = {
			isa = XCConfigurationList;
			buildConfigurations = (
				7F0E56332C41ADE0000F339A /* Debug */,
				7F0E56342C41ADE0000F339A /* Release */,
			);
			defaultConfigurationIsVisible = 0;
			defaultConfigurationName = Release;
		};
		7F0E56352C41ADE0000F339A /* Build configuration list for PBXNativeTarget "TrailTales01Tests" */ = {
			isa = XCConfigurationList;
			buildConfigurations = (
				7F0E56362C41ADE0000F339A /* Debug */,
				7F0E56372C41ADE0000F339A /* Release */,
			);
			defaultConfigurationIsVisible = 0;
			defaultConfigurationName = Release;
		};
		7F0E56382C41ADE0000F339A /* Build configuration list for PBXNativeTarget "TrailTales01UITests" */ = {
			isa = XCConfigurationList;
			buildConfigurations = (
				7F0E56392C41ADE0000F339A /* Debug */,
				7F0E563A2C41ADE0000F339A /* Release */,
			);
			defaultConfigurationIsVisible = 0;
			defaultConfigurationName = Release;
		};
/* End XCConfigurationList section */
	};
	rootObject = 7F0E56062C41ADDF000F339A /* Project object */;
}
